
Microsoft Visual Studio Solution File, Format Version 12.00
# Visual Studio Version 16
VisualStudioVersion = 16.0.30320.27
MinimumVisualStudioVersion = 10.0.40219.1
Project("{9A19103F-16F7-4668-BE54-9A1E7A4F7556}") = "GuitarTuner.Library", "Library\GuitarTuner.Library.csproj", "{6A306C6F-A379-4582-8AEF-094B63D0B1E1}"
EndProject
Project("{2150E333-8FDC-42A3-9474-1A3956D46DE8}") = "Solution Items", "Solution Items", "{54BB9E91-D937-47E6-8AC7-48BA96C452CB}"
	ProjectSection(SolutionItems) = preProject
		.gitattributes = .gitattributes
		.gitignore = .gitignore
		LICENSE = LICENSE
		README.md = README.md
	EndProjectSection
EndProject
Project("{9A19103F-16F7-4668-BE54-9A1E7A4F7556}") = "GuitarTuner.Tests", "Tests\GuitarTuner.Tests.csproj", "{9E4CA369-2FB4-482E-9A37-240B0449D5D6}"
EndProject
Project("{9A19103F-16F7-4668-BE54-9A1E7A4F7556}") = "GuitarTuner.UI.Destop", "UI\Desktop\GuitarTuner.UI.Desktop.csproj", "{5473FEA4-E73C-4395-A4CE-421CC7C8279E}"
EndProject
Project("{FAE04EC0-301F-11D3-BF4B-00C04F79EFBC}") = "GuitarTuner.UI.Common", "UI\Common\GuitarTuner.UI.Common.csproj", "{0C647503-00C7-48F6-A989-9EEA6C83F156}"
EndProject
Project("{2150E333-8FDC-42A3-9474-1A3956D46DE8}") = "UI", "UI", "{DD6521E8-8FFD-4853-913C-95D3EC584424}"
EndProject
Project("{FAE04EC0-301F-11D3-BF4B-00C04F79EFBC}") = "GuitarTuner.UI.Android", "UI\GuitarTuner.UI.Android\GuitarTuner.UI.Android.csproj", "{FA94D6E7-42FC-4442-A65D-ABB3BEB19B1A}"
EndProject
Global
	GlobalSection(SolutionConfigurationPlatforms) = preSolution
		Debug|Any CPU = Debug|Any CPU
		Release|Any CPU = Release|Any CPU
	EndGlobalSection
	GlobalSection(ProjectConfigurationPlatforms) = postSolution
		{6A306C6F-A379-4582-8AEF-094B63D0B1E1}.Debug|Any CPU.ActiveCfg = Debug|Any CPU
		{6A306C6F-A379-4582-8AEF-094B63D0B1E1}.Debug|Any CPU.Build.0 = Debug|Any CPU
		{6A306C6F-A379-4582-8AEF-094B63D0B1E1}.Release|Any CPU.ActiveCfg = Release|Any CPU
		{6A306C6F-A379-4582-8AEF-094B63D0B1E1}.Release|Any CPU.Build.0 = Release|Any CPU
		{9E4CA369-2FB4-482E-9A37-240B0449D5D6}.Debug|Any CPU.ActiveCfg = Debug|Any CPU
		{9E4CA369-2FB4-482E-9A37-240B0449D5D6}.Debug|Any CPU.Build.0 = Debug|Any CPU
		{9E4CA369-2FB4-482E-9A37-240B0449D5D6}.Release|Any CPU.ActiveCfg = Release|Any CPU
		{9E4CA369-2FB4-482E-9A37-240B0449D5D6}.Release|Any CPU.Build.0 = Release|Any CPU
		{5473FEA4-E73C-4395-A4CE-421CC7C8279E}.Debug|Any CPU.ActiveCfg = Debug|Any CPU
		{5473FEA4-E73C-4395-A4CE-421CC7C8279E}.Debug|Any CPU.Build.0 = Debug|Any CPU
		{5473FEA4-E73C-4395-A4CE-421CC7C8279E}.Release|Any CPU.ActiveCfg = Release|Any CPU
		{5473FEA4-E73C-4395-A4CE-421CC7C8279E}.Release|Any CPU.Build.0 = Release|Any CPU
		{0C647503-00C7-48F6-A989-9EEA6C83F156}.Debug|Any CPU.ActiveCfg = Debug|Any CPU
		{0C647503-00C7-48F6-A989-9EEA6C83F156}.Debug|Any CPU.Build.0 = Debug|Any CPU
		{0C647503-00C7-48F6-A989-9EEA6C83F156}.Release|Any CPU.ActiveCfg = Release|Any CPU
		{0C647503-00C7-48F6-A989-9EEA6C83F156}.Release|Any CPU.Build.0 = Release|Any CPU
		{FA94D6E7-42FC-4442-A65D-ABB3BEB19B1A}.Debug|Any CPU.ActiveCfg = Debug|Any CPU
		{FA94D6E7-42FC-4442-A65D-ABB3BEB19B1A}.Debug|Any CPU.Build.0 = Debug|Any CPU
		{FA94D6E7-42FC-4442-A65D-ABB3BEB19B1A}.Release|Any CPU.ActiveCfg = Release|Any CPU
		{FA94D6E7-42FC-4442-A65D-ABB3BEB19B1A}.Release|Any CPU.Build.0 = Release|Any CPU
	EndGlobalSection
	GlobalSection(SolutionProperties) = preSolution
		HideSolutionNode = FALSE
	EndGlobalSection
	GlobalSection(ExtensibilityGlobals) = postSolution
		SolutionGuid = {75670170-EF56-4C8F-96EF-E2DE8E64CC16}
	EndGlobalSection
	GlobalSection(NestedProjects) = preSolution
		{0C647503-00C7-48F6-A989-9EEA6C83F156} = {DD6521E8-8FFD-4853-913C-95D3EC584424}
		{5473FEA4-E73C-4395-A4CE-421CC7C8279E} = {DD6521E8-8FFD-4853-913C-95D3EC584424}
		{FA94D6E7-42FC-4442-A65D-ABB3BEB19B1A} = {DD6521E8-8FFD-4853-913C-95D3EC584424}
	EndGlobalSection
EndGlobal
